
Microsoft Visual Studio Solution File, Format Version 12.00
# Visual Studio Version 16
VisualStudioVersion = 16.0.29025.244
MinimumVisualStudioVersion = 10.0.40219.1
Project("{FAE04EC0-301F-11D3-BF4B-00C04F79EFBC}") = "TestTaskCFT", "TestTaskCFT\TestTaskCFT.csproj", "{C15FB9C9-CA72-4004-A918-97A77E078A99}"
EndProject
Global
	GlobalSection(SolutionConfigurationPlatforms) = preSolution
		Debug|Any CPU = Debug|Any CPU
		Release|Any CPU = Release|Any CPU
	EndGlobalSection
	GlobalSection(ProjectConfigurationPlatforms) = postSolution
		{C15FB9C9-CA72-4004-A918-97A77E078A99}.Debug|Any CPU.ActiveCfg = Debug|Any CPU
		{C15FB9C9-CA72-4004-A918-97A77E078A99}.Debug|Any CPU.Build.0 = Debug|Any CPU
		{C15FB9C9-CA72-4004-A918-97A77E078A99}.Release|Any CPU.ActiveCfg = Release|Any CPU
		{C15FB9C9-CA72-4004-A918-97A77E078A99}.Release|Any CPU.Build.0 = Release|Any CPU
	EndGlobalSection
	GlobalSection(SolutionProperties) = preSolution
		HideSolutionNode = FALSE
	EndGlobalSection
	GlobalSection(ExtensibilityGlobals) = postSolution
		SolutionGuid = {E813224F-A287-4DBD-9FAB-41B66EED25BE}
	EndGlobalSection
EndGlobal
